// !$*UTF8*$!
{
	archiveVersion = 1;
	classes = {
	};
	objectVersion = 77;
	objects = {

/* Begin PBXCopyFilesBuildPhase section */
		5A8D28302EDDB59F0068C8C3 /* CopyFiles */ = {
			isa = PBXCopyFilesBuildPhase;
			buildActionMask = 2147483647;
			dstPath = /usr/share/man/man1/;
			dstSubfolderSpec = 0;
			files = (
			);
			runOnlyForDeploymentPostprocessing = 1;
		};
/* End PBXCopyFilesBuildPhase section */

/* Begin PBXFileReference section */
		5A8D28322EDDB59F0068C8C3 /* xcode-yarg */ = {isa = PBXFileReference; explicitFileType = "compiled.mach-o.executable"; includeInIndex = 0; path = "xcode-yarg"; sourceTree = BUILT_PRODUCTS_DIR; };
		5ADA7C9D2EE8CB8F00319EC0 /* xcode-yarg.xcodeproj */ = {isa = PBXFileReference; lastKnownFileType = "wrapper.pb-project"; path = "xcode-yarg.xcodeproj"; sourceTree = "<group>"; };
		5AE149B52EDDBB7400CBDF09 /* build.sh */ = {isa = PBXFileReference; lastKnownFileType = text.script.sh; name = build.sh; path = ../build.sh; sourceTree = SOURCE_ROOT; };
		5AE149B62EDDBB7400CBDF09 /* BUILD.md */ = {isa = PBXFileReference; lastKnownFileType = net.daringfireball.markdown; name = BUILD.md; path = ../BUILD.md; sourceTree = SOURCE_ROOT; };
		5AE149B72EDDBB7400CBDF09 /* clean.sh */ = {isa = PBXFileReference; lastKnownFileType = text.script.sh; name = clean.sh; path = ../clean.sh; sourceTree = SOURCE_ROOT; };
		5AE14A012EDDBB7400CBDF09 /* LICENSE */ = {isa = PBXFileReference; lastKnownFileType = text; name = LICENSE; path = ../LICENSE; sourceTree = SOURCE_ROOT; };
		5AE14A022EDDBB7400CBDF09 /* LICENSE_NOTICES */ = {isa = PBXFileReference; lastKnownFileType = text; name = LICENSE_NOTICES; path = ../LICENSE_NOTICES; sourceTree = SOURCE_ROOT; };
		5AE14A032EDDBB7400CBDF09 /* README.md */ = {isa = PBXFileReference; lastKnownFileType = net.daringfireball.markdown; name = README.md; path = ../README.md; sourceTree = SOURCE_ROOT; };
		5AE14A042EDDBB7400CBDF09 /* test.sh */ = {isa = PBXFileReference; lastKnownFileType = text.script.sh; name = test.sh; path = ../test.sh; sourceTree = SOURCE_ROOT; };
/* End PBXFileReference section */

/* Begin PBXFileSystemSynchronizedBuildFileExceptionSet section */
		5ADA7CA02EE8CCA800319EC0 /* Exceptions for "cyarg" folder in "xcode-yarg" target */ = {
			isa = PBXFileSystemSynchronizedBuildFileExceptionSet;
			membershipExceptions = (
				files_stdlib.c,
			);
			target = 5A8D28312EDDB59F0068C8C3 /* xcode-yarg */;
		};
		5ADA7CA32EE8CD2A00319EC0 /* Exceptions for "simulate" folder in "xcode-yarg" target */ = {
			isa = PBXFileSystemSynchronizedBuildFileExceptionSet;
			membershipExceptions = (
				pico/missing.c,
			);
			target = 5A8D28312EDDB59F0068C8C3 /* xcode-yarg */;
		};
		5ADA7CA42EE8CD2A00319EC0 /* Exceptions for "test" folder in "xcode-yarg" target */ = {
			isa = PBXFileSystemSynchronizedBuildFileExceptionSet;
			membershipExceptions = (
				"c++/testBuiltin.cpp",
				"c++/testSystem.cpp",
			);
			target = 5A8D28312EDDB59F0068C8C3 /* xcode-yarg */;
		};
/* End PBXFileSystemSynchronizedBuildFileExceptionSet section */

/* Begin PBXFileSystemSynchronizedRootGroup section */
		5AE1479D2EDDBA7B00CBDF09 /* test */ = {
			isa = PBXFileSystemSynchronizedRootGroup;
			exceptions = (
				5ADA7CA42EE8CD2A00319EC0 /* Exceptions for "test" folder in "xcode-yarg" target */,
			);
			path = test;
			sourceTree = "<group>";
		};
		5AE147A32EDDBA8F00CBDF09 /* simulate */ = {
			isa = PBXFileSystemSynchronizedRootGroup;
			exceptions = (
				5ADA7CA32EE8CD2A00319EC0 /* Exceptions for "simulate" folder in "xcode-yarg" target */,
			);
			path = simulate;
			sourceTree = "<group>";
		};
		5AE149EA2EDDBB7400CBDF09 /* cyarg */ = {
			isa = PBXFileSystemSynchronizedRootGroup;
			exceptions = (
				5ADA7CA02EE8CCA800319EC0 /* Exceptions for "cyarg" folder in "xcode-yarg" target */,
			);
			name = cyarg;
			path = ../cyarg;
			sourceTree = SOURCE_ROOT;
		};
		5AE149EC2EDDBB7400CBDF09 /* docs */ = {
			isa = PBXFileSystemSynchronizedRootGroup;
			name = docs;
			path = ../docs;
			sourceTree = SOURCE_ROOT;
		};
		5AE14A002EDDBB7400CBDF09 /* hostyarg */ = {
			isa = PBXFileSystemSynchronizedRootGroup;
			name = hostyarg;
			path = ../hostyarg;
			sourceTree = SOURCE_ROOT;
		};
		5AE14A0A2EDDBB7400CBDF09 /* tools */ = {
			isa = PBXFileSystemSynchronizedRootGroup;
			name = tools;
			path = ../tools;
			sourceTree = SOURCE_ROOT;
		};
		5AE14A102EDDBB7400CBDF09 /* vscode-yarg */ = {
			isa = PBXFileSystemSynchronizedRootGroup;
			name = "vscode-yarg";
			path = "../vscode-yarg";
			sourceTree = SOURCE_ROOT;
		};
		5AE14B9F2EDDBB7400CBDF09 /* yarg */ = {
			isa = PBXFileSystemSynchronizedRootGroup;
			name = yarg;
			path = ../yarg;
			sourceTree = SOURCE_ROOT;
		};
/* End PBXFileSystemSynchronizedRootGroup section */

/* Begin PBXFrameworksBuildPhase section */
		5A8D282F2EDDB59F0068C8C3 /* Frameworks */ = {
			isa = PBXFrameworksBuildPhase;
			buildActionMask = 2147483647;
			files = (
			);
			runOnlyForDeploymentPostprocessing = 0;
		};
/* End PBXFrameworksBuildPhase section */

/* Begin PBXGroup section */
		5A8D28292EDDB59F0068C8C3 = {
			isa = PBXGroup;
			children = (
				5ADA7C9D2EE8CB8F00319EC0 /* xcode-yarg.xcodeproj */,
				5AE149B42EDDBB4800CBDF09 /* yarg */,
				5AE147A32EDDBA8F00CBDF09 /* simulate */,
				5AE1479D2EDDBA7B00CBDF09 /* test */,
				5A8D28332EDDB59F0068C8C3 /* Products */,
			);
			sourceTree = "<group>";
		};
		5A8D28332EDDB59F0068C8C3 /* Products */ = {
			isa = PBXGroup;
			children = (
				5A8D28322EDDB59F0068C8C3 /* xcode-yarg */,
			);
			name = Products;
			sourceTree = "<group>";
		};
		5ADA7C9E2EE8CB8F00319EC0 /* Products */ = {
			isa = PBXGroup;
			name = Products;
			sourceTree = "<group>";
		};
		5AE149B42EDDBB4800CBDF09 /* yarg */ = {
			isa = PBXGroup;
			children = (
				5AE149B52EDDBB7400CBDF09 /* build.sh */,
				5AE149B62EDDBB7400CBDF09 /* BUILD.md */,
				5AE149B72EDDBB7400CBDF09 /* clean.sh */,
				5AE149EA2EDDBB7400CBDF09 /* cyarg */,
				5AE149EC2EDDBB7400CBDF09 /* docs */,
				5AE14A002EDDBB7400CBDF09 /* hostyarg */,
				5AE14A012EDDBB7400CBDF09 /* LICENSE */,
				5AE14A022EDDBB7400CBDF09 /* LICENSE_NOTICES */,
				5AE14A032EDDBB7400CBDF09 /* README.md */,
				5AE14A042EDDBB7400CBDF09 /* test.sh */,
				5AE14A0A2EDDBB7400CBDF09 /* tools */,
				5AE14A102EDDBB7400CBDF09 /* vscode-yarg */,
				5AE14B9F2EDDBB7400CBDF09 /* yarg */,
			);
			path = yarg;
			sourceTree = "<group>";
		};
/* End PBXGroup section */

/* Begin PBXNativeTarget section */
		5A8D28312EDDB59F0068C8C3 /* xcode-yarg */ = {
			isa = PBXNativeTarget;
			buildConfigurationList = 5A8D28392EDDB59F0068C8C3 /* Build configuration list for PBXNativeTarget "xcode-yarg" */;
			buildPhases = (
				5A8D282E2EDDB59F0068C8C3 /* Sources */,
				5A8D282F2EDDB59F0068C8C3 /* Frameworks */,
				5A8D28302EDDB59F0068C8C3 /* CopyFiles */,
			);
			buildRules = (
			);
			dependencies = (
			);
			fileSystemSynchronizedGroups = (
				5AE149EA2EDDBB7400CBDF09 /* cyarg */,
				5AE149EC2EDDBB7400CBDF09 /* docs */,
				5AE14A002EDDBB7400CBDF09 /* hostyarg */,
				5AE14A0A2EDDBB7400CBDF09 /* tools */,
				5AE14A102EDDBB7400CBDF09 /* vscode-yarg */,
				5AE14B9F2EDDBB7400CBDF09 /* yarg */,
			);
			name = "xcode-yarg";
			packageProductDependencies = (
			);
			productName = "xcode-yarg";
			productReference = 5A8D28322EDDB59F0068C8C3 /* xcode-yarg */;
			productType = "com.apple.product-type.tool";
		};
/* End PBXNativeTarget section */

/* Begin PBXProject section */
		5A8D282A2EDDB59F0068C8C3 /* Project object */ = {
			isa = PBXProject;
			attributes = {
				BuildIndependentTargetsInParallel = 1;
				LastUpgradeCheck = 2610;
				TargetAttributes = {
					5A8D28312EDDB59F0068C8C3 = {
						CreatedOnToolsVersion = 26.1.1;
					};
				};
			};
			buildConfigurationList = 5A8D282D2EDDB59F0068C8C3 /* Build configuration list for PBXProject "xcode-yarg" */;
			developmentRegion = en;
			hasScannedForEncodings = 0;
			knownRegions = (
				en,
				Base,
			);
			mainGroup = 5A8D28292EDDB59F0068C8C3;
			minimizedProjectReferenceProxies = 1;
			preferredProjectObjectVersion = 77;
			productRefGroup = 5A8D28332EDDB59F0068C8C3 /* Products */;
			projectDirPath = "";
			projectReferences = (
				{
					ProductGroup = 5ADA7C9E2EE8CB8F00319EC0 /* Products */;
					ProjectRef = 5ADA7C9D2EE8CB8F00319EC0 /* xcode-yarg.xcodeproj */;
				},
			);
			projectRoot = "";
			targets = (
				5A8D28312EDDB59F0068C8C3 /* xcode-yarg */,
			);
		};
/* End PBXProject section */

/* Begin PBXSourcesBuildPhase section */
		5A8D282E2EDDB59F0068C8C3 /* Sources */ = {
			isa = PBXSourcesBuildPhase;
			buildActionMask = 2147483647;
			files = (
			);
			runOnlyForDeploymentPostprocessing = 0;
		};
/* End PBXSourcesBuildPhase section */

/* Begin XCBuildConfiguration section */
		5A8D28372EDDB59F0068C8C3 /* Debug */ = {
			isa = XCBuildConfiguration;
			buildSettings = {
				ALWAYS_SEARCH_USER_PATHS = NO;
				ASSETCATALOG_COMPILER_GENERATE_SWIFT_ASSET_SYMBOL_EXTENSIONS = YES;
				CLANG_ANALYZER_NONNULL = YES;
				CLANG_ANALYZER_NUMBER_OBJECT_CONVERSION = YES_AGGRESSIVE;
				CLANG_CXX_LANGUAGE_STANDARD = "gnu++23";
				CLANG_ENABLE_MODULES = YES;
				CLANG_ENABLE_OBJC_ARC = YES;
				CLANG_ENABLE_OBJC_WEAK = YES;
				CLANG_WARN_BLOCK_CAPTURE_AUTORELEASING = YES;
				CLANG_WARN_BOOL_CONVERSION = YES;
				CLANG_WARN_COMMA = YES;
				CLANG_WARN_CONSTANT_CONVERSION = YES;
				CLANG_WARN_DEPRECATED_OBJC_IMPLEMENTATIONS = YES;
				CLANG_WARN_DIRECT_OBJC_ISA_USAGE = YES_ERROR;
				CLANG_WARN_DOCUMENTATION_COMMENTS = YES;
				CLANG_WARN_EMPTY_BODY = YES;
				CLANG_WARN_ENUM_CONVERSION = YES;
				CLANG_WARN_INFINITE_RECURSION = YES;
				CLANG_WARN_INT_CONVERSION = YES;
				CLANG_WARN_NON_LITERAL_NULL_CONVERSION = YES;
				CLANG_WARN_OBJC_IMPLICIT_RETAIN_SELF = YES;
				CLANG_WARN_OBJC_LITERAL_CONVERSION = YES;
				CLANG_WARN_OBJC_ROOT_CLASS = YES_ERROR;
				CLANG_WARN_QUOTED_INCLUDE_IN_FRAMEWORK_HEADER = YES;
				CLANG_WARN_RANGE_LOOP_ANALYSIS = YES;
				CLANG_WARN_STRICT_PROTOTYPES = NO;
				CLANG_WARN_SUSPICIOUS_MOVE = YES;
				CLANG_WARN_UNGUARDED_AVAILABILITY = YES_AGGRESSIVE;
				CLANG_WARN_UNREACHABLE_CODE = YES;
				CLANG_WARN__DUPLICATE_METHOD_MATCH = YES;
				COPY_PHASE_STRIP = NO;
				DEBUG_INFORMATION_FORMAT = dwarf;
				ENABLE_STRICT_OBJC_MSGSEND = YES;
				ENABLE_TESTABILITY = YES;
				ENABLE_USER_SCRIPT_SANDBOXING = YES;
				GCC_C_LANGUAGE_STANDARD = gnu17;
				GCC_DYNAMIC_NO_PIC = NO;
				GCC_NO_COMMON_BLOCKS = YES;
				GCC_OPTIMIZATION_LEVEL = 0;
				GCC_PREPROCESSOR_DEFINITIONS = (
					"DEBUG=1",
					"$(inherited)",
				);
				GCC_WARN_64_TO_32_BIT_CONVERSION = YES;
				GCC_WARN_ABOUT_RETURN_TYPE = YES_ERROR;
				GCC_WARN_UNDECLARED_SELECTOR = YES;
				GCC_WARN_UNINITIALIZED_AUTOS = YES_AGGRESSIVE;
				GCC_WARN_UNUSED_FUNCTION = YES;
				GCC_WARN_UNUSED_VARIABLE = YES;
				HEADER_SEARCH_PATHS = "$SRCROOT/**";
				LOCALIZATION_PREFERS_STRING_CATALOGS = YES;
				MACOSX_DEPLOYMENT_TARGET = 15.7;
				MTL_ENABLE_DEBUG_INFO = INCLUDE_SOURCE;
				MTL_FAST_MATH = YES;
				ONLY_ACTIVE_ARCH = YES;
				SDKROOT = macosx;
			};
			name = Debug;
		};
		5A8D28382EDDB59F0068C8C3 /* Release */ = {
			isa = XCBuildConfiguration;
			buildSettings = {
				ALWAYS_SEARCH_USER_PATHS = NO;
				ASSETCATALOG_COMPILER_GENERATE_SWIFT_ASSET_SYMBOL_EXTENSIONS = YES;
				CLANG_ANALYZER_NONNULL = YES;
				CLANG_ANALYZER_NUMBER_OBJECT_CONVERSION = YES_AGGRESSIVE;
				CLANG_CXX_LANGUAGE_STANDARD = "gnu++23";
				CLANG_ENABLE_MODULES = YES;
				CLANG_ENABLE_OBJC_ARC = YES;
				CLANG_ENABLE_OBJC_WEAK = YES;
				CLANG_WARN_BLOCK_CAPTURE_AUTORELEASING = YES;
				CLANG_WARN_BOOL_CONVERSION = YES;
				CLANG_WARN_COMMA = YES;
				CLANG_WARN_CONSTANT_CONVERSION = YES;
				CLANG_WARN_DEPRECATED_OBJC_IMPLEMENTATIONS = YES;
				CLANG_WARN_DIRECT_OBJC_ISA_USAGE = YES_ERROR;
				CLANG_WARN_DOCUMENTATION_COMMENTS = YES;
				CLANG_WARN_EMPTY_BODY = YES;
				CLANG_WARN_ENUM_CONVERSION = YES;
				CLANG_WARN_INFINITE_RECURSION = YES;
				CLANG_WARN_INT_CONVERSION = YES;
				CLANG_WARN_NON_LITERAL_NULL_CONVERSION = YES;
				CLANG_WARN_OBJC_IMPLICIT_RETAIN_SELF = YES;
				CLANG_WARN_OBJC_LITERAL_CONVERSION = YES;
				CLANG_WARN_OBJC_ROOT_CLASS = YES_ERROR;
				CLANG_WARN_QUOTED_INCLUDE_IN_FRAMEWORK_HEADER = YES;
				CLANG_WARN_RANGE_LOOP_ANALYSIS = YES;
				CLANG_WARN_STRICT_PROTOTYPES = NO;
				CLANG_WARN_SUSPICIOUS_MOVE = YES;
				CLANG_WARN_UNGUARDED_AVAILABILITY = YES_AGGRESSIVE;
				CLANG_WARN_UNREACHABLE_CODE = YES;
				CLANG_WARN__DUPLICATE_METHOD_MATCH = YES;
				COPY_PHASE_STRIP = NO;
				DEBUG_INFORMATION_FORMAT = "dwarf-with-dsym";
				ENABLE_NS_ASSERTIONS = NO;
				ENABLE_STRICT_OBJC_MSGSEND = YES;
				ENABLE_USER_SCRIPT_SANDBOXING = YES;
				GCC_C_LANGUAGE_STANDARD = gnu17;
				GCC_NO_COMMON_BLOCKS = YES;
				GCC_WARN_64_TO_32_BIT_CONVERSION = YES;
				GCC_WARN_ABOUT_RETURN_TYPE = YES_ERROR;
				GCC_WARN_UNDECLARED_SELECTOR = YES;
				GCC_WARN_UNINITIALIZED_AUTOS = YES_AGGRESSIVE;
				GCC_WARN_UNUSED_FUNCTION = YES;
				GCC_WARN_UNUSED_VARIABLE = YES;
				HEADER_SEARCH_PATHS = "$SRCROOT/**";
				LOCALIZATION_PREFERS_STRING_CATALOGS = YES;
				MACOSX_DEPLOYMENT_TARGET = 15.7;
				MTL_ENABLE_DEBUG_INFO = NO;
				MTL_FAST_MATH = YES;
				SDKROOT = macosx;
			};
			name = Release;
		};
		5A8D283A2EDDB59F0068C8C3 /* Debug */ = {
			isa = XCBuildConfiguration;
			buildSettings = {
				CODE_SIGN_STYLE = Automatic;
				PRODUCT_NAME = "$(TARGET_NAME)";
			};
			name = Debug;
		};
		5A8D283B2EDDB59F0068C8C3 /* Release */ = {
			isa = XCBuildConfiguration;
			buildSettings = {
				CODE_SIGN_STYLE = Automatic;
				PRODUCT_NAME = "$(TARGET_NAME)";
			};
			name = Release;
		};
/* End XCBuildConfiguration section */

/* Begin XCConfigurationList section */
		5A8D282D2EDDB59F0068C8C3 /* Build configuration list for PBXProject "xcode-yarg" */ = {
			isa = XCConfigurationList;
			buildConfigurations = (
				5A8D28372EDDB59F0068C8C3 /* Debug */,
				5A8D28382EDDB59F0068C8C3 /* Release */,
			);
			defaultConfigurationIsVisible = 0;
			defaultConfigurationName = Release;
		};
		5A8D28392EDDB59F0068C8C3 /* Build configuration list for PBXNativeTarget "xcode-yarg" */ = {
			isa = XCConfigurationList;
			buildConfigurations = (
				5A8D283A2EDDB59F0068C8C3 /* Debug */,
				5A8D283B2EDDB59F0068C8C3 /* Release */,
			);
			defaultConfigurationIsVisible = 0;
			defaultConfigurationName = Release;
		};
/* End XCConfigurationList section */
	};
	rootObject = 5A8D282A2EDDB59F0068C8C3 /* Project object */;
}
